
Microsoft Visual Studio Solution File, Format Version 12.00
# Visual Studio Version 17
VisualStudioVersion = 17.3.32901.215
MinimumVisualStudioVersion = 10.0.40219.1
Project("{9A19103F-16F7-4668-BE54-9A1E7A4F7556}") = "laba1.7", "laba1\laba1.7.csproj", "{869F9E44-F0EB-4928-8774-685969D24998}"
EndProject
Global
	GlobalSection(SolutionConfigurationPlatforms) = preSolution
		Debug|Any CPU = Debug|Any CPU
		Release|Any CPU = Release|Any CPU
	EndGlobalSection
	GlobalSection(ProjectConfigurationPlatforms) = postSolution
		{869F9E44-F0EB-4928-8774-685969D24998}.Debug|Any CPU.ActiveCfg = Debug|Any CPU
		{869F9E44-F0EB-4928-8774-685969D24998}.Debug|Any CPU.Build.0 = Debug|Any CPU
		{869F9E44-F0EB-4928-8774-685969D24998}.Release|Any CPU.ActiveCfg = Release|Any CPU
		{869F9E44-F0EB-4928-8774-685969D24998}.Release|Any CPU.Build.0 = Release|Any CPU
	EndGlobalSection
	GlobalSection(SolutionProperties) = preSolution
		HideSolutionNode = FALSE
	EndGlobalSection
	GlobalSection(ExtensibilityGlobals) = postSolution
		SolutionGuid = {5C9E9118-5181-45F2-88D0-8B03E20DB71C}
	EndGlobalSection
EndGlobal
