
Microsoft Visual Studio Solution File, Format Version 12.00
# Visual Studio Version 17
VisualStudioVersion = 17.3.32901.215
MinimumVisualStudioVersion = 10.0.40219.1
Project("{FAE04EC0-301F-11D3-BF4B-00C04F79EFBC}") = "algoritm5", "algoritm5\algoritm5.csproj", "{0221891C-B78D-42B8-A7DE-E9C5706F6199}"
EndProject
Global
	GlobalSection(SolutionConfigurationPlatforms) = preSolution
		Debug|Any CPU = Debug|Any CPU
		Release|Any CPU = Release|Any CPU
	EndGlobalSection
	GlobalSection(ProjectConfigurationPlatforms) = postSolution
		{0221891C-B78D-42B8-A7DE-E9C5706F6199}.Debug|Any CPU.ActiveCfg = Debug|Any CPU
		{0221891C-B78D-42B8-A7DE-E9C5706F6199}.Debug|Any CPU.Build.0 = Debug|Any CPU
		{0221891C-B78D-42B8-A7DE-E9C5706F6199}.Release|Any CPU.ActiveCfg = Release|Any CPU
		{0221891C-B78D-42B8-A7DE-E9C5706F6199}.Release|Any CPU.Build.0 = Release|Any CPU
	EndGlobalSection
	GlobalSection(SolutionProperties) = preSolution
		HideSolutionNode = FALSE
	EndGlobalSection
	GlobalSection(ExtensibilityGlobals) = postSolution
		SolutionGuid = {A2789FC3-F458-43B7-8151-875C5C535514}
	EndGlobalSection
EndGlobal
