
Microsoft Visual Studio Solution File, Format Version 12.00
# Visual Studio Version 17
VisualStudioVersion = 17.3.32901.215
MinimumVisualStudioVersion = 10.0.40219.1
Project("{FAE04EC0-301F-11D3-BF4B-00C04F79EFBC}") = "lab5", "lab5\lab5.csproj", "{7BFA705B-E3F4-4FCC-8DBD-B1599B93225B}"
EndProject
Global
	GlobalSection(SolutionConfigurationPlatforms) = preSolution
		Debug|Any CPU = Debug|Any CPU
		Release|Any CPU = Release|Any CPU
	EndGlobalSection
	GlobalSection(ProjectConfigurationPlatforms) = postSolution
		{7BFA705B-E3F4-4FCC-8DBD-B1599B93225B}.Debug|Any CPU.ActiveCfg = Debug|Any CPU
		{7BFA705B-E3F4-4FCC-8DBD-B1599B93225B}.Debug|Any CPU.Build.0 = Debug|Any CPU
		{7BFA705B-E3F4-4FCC-8DBD-B1599B93225B}.Release|Any CPU.ActiveCfg = Release|Any CPU
		{7BFA705B-E3F4-4FCC-8DBD-B1599B93225B}.Release|Any CPU.Build.0 = Release|Any CPU
	EndGlobalSection
	GlobalSection(SolutionProperties) = preSolution
		HideSolutionNode = FALSE
	EndGlobalSection
	GlobalSection(ExtensibilityGlobals) = postSolution
		SolutionGuid = {3009F674-5AF3-4EE5-BBF6-F52DA801718D}
	EndGlobalSection
EndGlobal
