
Microsoft Visual Studio Solution File, Format Version 12.00
# Visual Studio Version 17
VisualStudioVersion = 17.3.32901.215
MinimumVisualStudioVersion = 10.0.40219.1
Project("{FAE04EC0-301F-11D3-BF4B-00C04F79EFBC}") = "laba3", "laba3\laba3.csproj", "{1A5664CC-0BD1-4358-9396-A774F7736D20}"
EndProject
Global
	GlobalSection(SolutionConfigurationPlatforms) = preSolution
		Debug|Any CPU = Debug|Any CPU
		Release|Any CPU = Release|Any CPU
	EndGlobalSection
	GlobalSection(ProjectConfigurationPlatforms) = postSolution
		{1A5664CC-0BD1-4358-9396-A774F7736D20}.Debug|Any CPU.ActiveCfg = Debug|Any CPU
		{1A5664CC-0BD1-4358-9396-A774F7736D20}.Debug|Any CPU.Build.0 = Debug|Any CPU
		{1A5664CC-0BD1-4358-9396-A774F7736D20}.Release|Any CPU.ActiveCfg = Release|Any CPU
		{1A5664CC-0BD1-4358-9396-A774F7736D20}.Release|Any CPU.Build.0 = Release|Any CPU
	EndGlobalSection
	GlobalSection(SolutionProperties) = preSolution
		HideSolutionNode = FALSE
	EndGlobalSection
	GlobalSection(ExtensibilityGlobals) = postSolution
		SolutionGuid = {1FF6F830-0F1F-464D-A3A5-73B8A543AFD7}
	EndGlobalSection
EndGlobal
